{
    "_readme": [
        "This file locks the dependencies of your project to a known state",
        "Read more about it at http://getcomposer.org/doc/01-basic-usage.md#composer-lock-the-lock-file"
    ],
    "hash": "ca7f01b60a59580c4c5e90c2f2cab867",
    "packages": [
        {
            "name": "bear/sunday",
            "version": "0.7.2",
            "source": {
                "type": "git",
                "url": "https://github.com/koriym/BEAR.Sunday.git",
                "reference": "0.7.2"
            },
            "dist": {
                "type": "zip",
                "url": "https://api.github.com/repos/koriym/BEAR.Sunday/zipball/0.7.2",
                "reference": "0.7.2",
                "shasum": ""
            },
            "require": {
                "php": ">=5.4.0"
            },
            "require-dev": {
                "bear/resource": "0.7.*"
            },
            "type": "library",
            "autoload": {
                "psr-0": {
                    "BEAR\\Sunday": "src/"
                }
            },
            "notification-url": "https://packagist.org/downloads/",
            "license": [
                "BSD-3-Clause"
            ],
            "authors": [
                {
                    "name": "BEAR.Sunday Contributors",
                    "homepage": "https://github.com/koriym/BEAR.Sunday/graphs/contributors"
                }
            ],
            "description": "BEAR.Sunday, a resource oriented framework",
            "homepage": "https://github.com/koriym/BEAR.Sunday",
            "keywords": [
                "aop",
                "di",
                "framework",
                "rest"
            ],
            "time": "2013-05-01 01:40:32"
        },
        {
            "name": "phptal/phptal",
            "version": "dev-master",
            "source": {
                "type": "git",
                "url": "https://github.com/pornel/PHPTAL.git",
                "reference": "2472ae1a7d21999881c548b443a5cecbe945895d"
            },
            "dist": {
                "type": "zip",
                "url": "https://api.github.com/repos/pornel/PHPTAL/zipball/2472ae1a7d21999881c548b443a5cecbe945895d",
                "reference": "2472ae1a7d21999881c548b443a5cecbe945895d",
                "shasum": ""
            },
            "require": {
                "php": ">=5.1.2"
            },
            "type": "library",
            "autoload": {
                "psr-0": {
                    "PHPTAL": "classes/"
                }
            },
            "notification-url": "https://packagist.org/downloads/",
            "license": [
                "LGPLv2"
            ],
            "authors": [
                {
                    "name": "Laurent Bédubourg",
                    "email": "lbedubourg@motion-twin.com",
                    "homepage": "http://labe.me"
                },
                {
                    "name": "Kornel Lesiński",
                    "email": "kornel@geekhood.net",
                    "homepage": "http://pornel.net/"
                }
            ],
            "description": "PHPTAL is a templating engine for PHP5 that implements Zope Page Templates syntax",
            "homepage": "http://phptal.org/",
            "keywords": [
                "phptal",
                "template engine",
                "zope"
            ],
            "time": "2013-04-17 16:25:11"
        }
    ],
    "packages-dev": [

    ],
    "aliases": [

    ],
    "minimum-stability": "stable",
    "stability-flags": {
        "phptal/phptal": 20
    },
    "platform": [

    ],
    "platform-dev": [

    ]
}
